
Microsoft Visual Studio Solution File, Format Version 12.00
# Visual Studio 15
VisualStudioVersion = 15.0.27130.2027
MinimumVisualStudioVersion = 10.0.40219.1
Project("{FAE04EC0-301F-11D3-BF4B-00C04F79EFBC}") = "WhoIs_Project", "DG_WhoIs_Project\WhoIs_Project.csproj", "{5C545420-0178-47C7-84FD-CFDE62AEE279}"
EndProject
Project("{FAE04EC0-301F-11D3-BF4B-00C04F79EFBC}") = "WhoIs_Test", "DG_WhoIs_Test\WhoIs_Test.csproj", "{5CB5A6BD-CDDE-4870-BB6C-DFA71CBD9499}"
EndProject
Global
	GlobalSection(SolutionConfigurationPlatforms) = preSolution
		Debug|Any CPU = Debug|Any CPU
		Release|Any CPU = Release|Any CPU
	EndGlobalSection
	GlobalSection(ProjectConfigurationPlatforms) = postSolution
		{5C545420-0178-47C7-84FD-CFDE62AEE279}.Debug|Any CPU.ActiveCfg = Debug|Any CPU
		{5C545420-0178-47C7-84FD-CFDE62AEE279}.Debug|Any CPU.Build.0 = Debug|Any CPU
		{5C545420-0178-47C7-84FD-CFDE62AEE279}.Release|Any CPU.ActiveCfg = Release|Any CPU
		{5C545420-0178-47C7-84FD-CFDE62AEE279}.Release|Any CPU.Build.0 = Release|Any CPU
		{5CB5A6BD-CDDE-4870-BB6C-DFA71CBD9499}.Debug|Any CPU.ActiveCfg = Debug|Any CPU
		{5CB5A6BD-CDDE-4870-BB6C-DFA71CBD9499}.Debug|Any CPU.Build.0 = Debug|Any CPU
		{5CB5A6BD-CDDE-4870-BB6C-DFA71CBD9499}.Release|Any CPU.ActiveCfg = Release|Any CPU
		{5CB5A6BD-CDDE-4870-BB6C-DFA71CBD9499}.Release|Any CPU.Build.0 = Release|Any CPU
	EndGlobalSection
	GlobalSection(SolutionProperties) = preSolution
		HideSolutionNode = FALSE
	EndGlobalSection
	GlobalSection(ExtensibilityGlobals) = postSolution
		SolutionGuid = {A2B5C0EB-384E-4B08-9B93-453917472E45}
	EndGlobalSection
EndGlobal
